
Microsoft Visual Studio Solution File, Format Version 12.00
# Visual Studio 15
VisualStudioVersion = 15.0.27428.2015
MinimumVisualStudioVersion = 10.0.40219.1
Project("{8BC9CEB8-8B4A-11D0-8D11-00A0C91BC942}") = "circular_buffer_allocator", "circular_buffer_allocator\circular_buffer_allocator.vcxproj", "{BE8ABC6D-0FFB-4CE1-B880-7C34F13DA967}"
EndProject
Global
	GlobalSection(SolutionConfigurationPlatforms) = preSolution
		Debug|x64 = Debug|x64
		Debug|x86 = Debug|x86
		Release|x64 = Release|x64
		Release|x86 = Release|x86
	EndGlobalSection
	GlobalSection(ProjectConfigurationPlatforms) = postSolution
		{BE8ABC6D-0FFB-4CE1-B880-7C34F13DA967}.Debug|x64.ActiveCfg = Debug|x64
		{BE8ABC6D-0FFB-4CE1-B880-7C34F13DA967}.Debug|x64.Build.0 = Debug|x64
		{BE8ABC6D-0FFB-4CE1-B880-7C34F13DA967}.Debug|x86.ActiveCfg = Debug|Win32
		{BE8ABC6D-0FFB-4CE1-B880-7C34F13DA967}.Debug|x86.Build.0 = Debug|Win32
		{BE8ABC6D-0FFB-4CE1-B880-7C34F13DA967}.Release|x64.ActiveCfg = Release|x64
		{BE8ABC6D-0FFB-4CE1-B880-7C34F13DA967}.Release|x64.Build.0 = Release|x64
		{BE8ABC6D-0FFB-4CE1-B880-7C34F13DA967}.Release|x86.ActiveCfg = Release|Win32
		{BE8ABC6D-0FFB-4CE1-B880-7C34F13DA967}.Release|x86.Build.0 = Release|Win32
	EndGlobalSection
	GlobalSection(SolutionProperties) = preSolution
		HideSolutionNode = FALSE
	EndGlobalSection
	GlobalSection(ExtensibilityGlobals) = postSolution
		SolutionGuid = {C5180AC0-23B7-46B4-904F-1B8FDC3F9701}
	EndGlobalSection
EndGlobal
